
Microsoft Visual Studio Solution File, Format Version 12.00
# Visual Studio 2012
Project("{FAE04EC0-301F-11D3-BF4B-00C04F79EFBC}") = "CatAndDogTest", "CatAndDogTest\CatAndDogTest.csproj", "{2C50F80B-1697-407C-96CA-BEAD1508ABBE}"
EndProject
Project("{2150E333-8FDC-42A3-9474-1A3956D46DE8}") = "Application", "Application", "{7096B832-61D9-4789-A356-9C29753BED82}"
EndProject
Project("{2150E333-8FDC-42A3-9474-1A3956D46DE8}") = "Service", "Service", "{4FA295A9-E47B-4875-8C95-D0A96BD5B493}"
EndProject
Project("{FAE04EC0-301F-11D3-BF4B-00C04F79EFBC}") = "CatAndDogService", "CatAndDogService\CatAndDogService.csproj", "{29E1549C-3145-47A6-87DB-B6CDCBAA06E1}"
EndProject
Project("{FAE04EC0-301F-11D3-BF4B-00C04F79EFBC}") = "CatAndDog.iOS", "CatAndDog.iOS\CatAndDog.iOS.csproj", "{1806B1FD-97B1-4C77-BD97-3FD77C263447}"
EndProject
Project("{9344BDBB-3E7F-41FC-A0DD-8665D75EE146}") = "CatAndDog.Droid", "Droid\CatAndDog.Droid.csproj", "{5BEA3022-6BE6-4E00-91CF-993581719AE4}"
EndProject
Project("{FAE04EC0-301F-11D3-BF4B-00C04F79EFBC}") = "CatAndDog", "CatAndDog\CatAndDog.csproj", "{03413B64-5637-480E-A1B3-6C1A49C8A821}"
EndProject
Global
	GlobalSection(SolutionConfigurationPlatforms) = preSolution
		Debug|iPhoneSimulator = Debug|iPhoneSimulator
		Release|iPhone = Release|iPhone
		Release|iPhoneSimulator = Release|iPhoneSimulator
		Debug|iPhone = Debug|iPhone
		Debug|Any CPU = Debug|Any CPU
		Release|Any CPU = Release|Any CPU
	EndGlobalSection
	GlobalSection(ProjectConfigurationPlatforms) = postSolution
		{2C50F80B-1697-407C-96CA-BEAD1508ABBE}.Debug|iPhoneSimulator.ActiveCfg = Debug|Any CPU
		{2C50F80B-1697-407C-96CA-BEAD1508ABBE}.Debug|iPhoneSimulator.Build.0 = Debug|Any CPU
		{2C50F80B-1697-407C-96CA-BEAD1508ABBE}.Release|iPhone.ActiveCfg = Release|Any CPU
		{2C50F80B-1697-407C-96CA-BEAD1508ABBE}.Release|iPhone.Build.0 = Release|Any CPU
		{2C50F80B-1697-407C-96CA-BEAD1508ABBE}.Release|iPhoneSimulator.ActiveCfg = Release|Any CPU
		{2C50F80B-1697-407C-96CA-BEAD1508ABBE}.Release|iPhoneSimulator.Build.0 = Release|Any CPU
		{2C50F80B-1697-407C-96CA-BEAD1508ABBE}.Debug|iPhone.ActiveCfg = Debug|Any CPU
		{2C50F80B-1697-407C-96CA-BEAD1508ABBE}.Debug|iPhone.Build.0 = Debug|Any CPU
		{2C50F80B-1697-407C-96CA-BEAD1508ABBE}.Debug|Any CPU.ActiveCfg = Debug|Any CPU
		{2C50F80B-1697-407C-96CA-BEAD1508ABBE}.Debug|Any CPU.Build.0 = Debug|Any CPU
		{2C50F80B-1697-407C-96CA-BEAD1508ABBE}.Release|Any CPU.ActiveCfg = Release|Any CPU
		{2C50F80B-1697-407C-96CA-BEAD1508ABBE}.Release|Any CPU.Build.0 = Release|Any CPU
		{29E1549C-3145-47A6-87DB-B6CDCBAA06E1}.Debug|iPhoneSimulator.ActiveCfg = Debug|Any CPU
		{29E1549C-3145-47A6-87DB-B6CDCBAA06E1}.Debug|iPhoneSimulator.Build.0 = Debug|Any CPU
		{29E1549C-3145-47A6-87DB-B6CDCBAA06E1}.Release|iPhone.ActiveCfg = Release|Any CPU
		{29E1549C-3145-47A6-87DB-B6CDCBAA06E1}.Release|iPhone.Build.0 = Release|Any CPU
		{29E1549C-3145-47A6-87DB-B6CDCBAA06E1}.Release|iPhoneSimulator.ActiveCfg = Release|Any CPU
		{29E1549C-3145-47A6-87DB-B6CDCBAA06E1}.Release|iPhoneSimulator.Build.0 = Release|Any CPU
		{29E1549C-3145-47A6-87DB-B6CDCBAA06E1}.Debug|iPhone.ActiveCfg = Debug|Any CPU
		{29E1549C-3145-47A6-87DB-B6CDCBAA06E1}.Debug|iPhone.Build.0 = Debug|Any CPU
		{29E1549C-3145-47A6-87DB-B6CDCBAA06E1}.Debug|Any CPU.ActiveCfg = Debug|Any CPU
		{29E1549C-3145-47A6-87DB-B6CDCBAA06E1}.Debug|Any CPU.Build.0 = Debug|Any CPU
		{29E1549C-3145-47A6-87DB-B6CDCBAA06E1}.Release|Any CPU.ActiveCfg = Release|Any CPU
		{29E1549C-3145-47A6-87DB-B6CDCBAA06E1}.Release|Any CPU.Build.0 = Release|Any CPU
		{1806B1FD-97B1-4C77-BD97-3FD77C263447}.Debug|iPhoneSimulator.ActiveCfg = Debug|iPhoneSimulator
		{1806B1FD-97B1-4C77-BD97-3FD77C263447}.Debug|iPhoneSimulator.Build.0 = Debug|iPhoneSimulator
		{1806B1FD-97B1-4C77-BD97-3FD77C263447}.Release|iPhone.ActiveCfg = Release|iPhone
		{1806B1FD-97B1-4C77-BD97-3FD77C263447}.Release|iPhone.Build.0 = Release|iPhone
		{1806B1FD-97B1-4C77-BD97-3FD77C263447}.Release|iPhoneSimulator.ActiveCfg = Release|iPhoneSimulator
		{1806B1FD-97B1-4C77-BD97-3FD77C263447}.Release|iPhoneSimulator.Build.0 = Release|iPhoneSimulator
		{1806B1FD-97B1-4C77-BD97-3FD77C263447}.Debug|iPhone.ActiveCfg = Debug|iPhone
		{1806B1FD-97B1-4C77-BD97-3FD77C263447}.Debug|iPhone.Build.0 = Debug|iPhone
		{1806B1FD-97B1-4C77-BD97-3FD77C263447}.Debug|Any CPU.ActiveCfg = Debug|iPhoneSimulator
		{1806B1FD-97B1-4C77-BD97-3FD77C263447}.Debug|Any CPU.Build.0 = Debug|iPhoneSimulator
		{1806B1FD-97B1-4C77-BD97-3FD77C263447}.Release|Any CPU.ActiveCfg = Release|iPhone
		{1806B1FD-97B1-4C77-BD97-3FD77C263447}.Release|Any CPU.Build.0 = Release|iPhone
		{5BEA3022-6BE6-4E00-91CF-993581719AE4}.Debug|iPhoneSimulator.ActiveCfg = Debug|Any CPU
		{5BEA3022-6BE6-4E00-91CF-993581719AE4}.Debug|iPhoneSimulator.Build.0 = Debug|Any CPU
		{5BEA3022-6BE6-4E00-91CF-993581719AE4}.Release|iPhone.ActiveCfg = Release|Any CPU
		{5BEA3022-6BE6-4E00-91CF-993581719AE4}.Release|iPhone.Build.0 = Release|Any CPU
		{5BEA3022-6BE6-4E00-91CF-993581719AE4}.Release|iPhoneSimulator.ActiveCfg = Release|Any CPU
		{5BEA3022-6BE6-4E00-91CF-993581719AE4}.Release|iPhoneSimulator.Build.0 = Release|Any CPU
		{5BEA3022-6BE6-4E00-91CF-993581719AE4}.Debug|iPhone.ActiveCfg = Debug|Any CPU
		{5BEA3022-6BE6-4E00-91CF-993581719AE4}.Debug|iPhone.Build.0 = Debug|Any CPU
		{5BEA3022-6BE6-4E00-91CF-993581719AE4}.Debug|Any CPU.ActiveCfg = Debug|Any CPU
		{5BEA3022-6BE6-4E00-91CF-993581719AE4}.Debug|Any CPU.Build.0 = Debug|Any CPU
		{5BEA3022-6BE6-4E00-91CF-993581719AE4}.Release|Any CPU.ActiveCfg = Release|Any CPU
		{5BEA3022-6BE6-4E00-91CF-993581719AE4}.Release|Any CPU.Build.0 = Release|Any CPU
		{03413B64-5637-480E-A1B3-6C1A49C8A821}.Debug|iPhoneSimulator.ActiveCfg = Debug|Any CPU
		{03413B64-5637-480E-A1B3-6C1A49C8A821}.Debug|iPhoneSimulator.Build.0 = Debug|Any CPU
		{03413B64-5637-480E-A1B3-6C1A49C8A821}.Release|iPhone.ActiveCfg = Release|Any CPU
		{03413B64-5637-480E-A1B3-6C1A49C8A821}.Release|iPhone.Build.0 = Release|Any CPU
		{03413B64-5637-480E-A1B3-6C1A49C8A821}.Release|iPhoneSimulator.ActiveCfg = Release|Any CPU
		{03413B64-5637-480E-A1B3-6C1A49C8A821}.Release|iPhoneSimulator.Build.0 = Release|Any CPU
		{03413B64-5637-480E-A1B3-6C1A49C8A821}.Debug|iPhone.ActiveCfg = Debug|Any CPU
		{03413B64-5637-480E-A1B3-6C1A49C8A821}.Debug|iPhone.Build.0 = Debug|Any CPU
		{03413B64-5637-480E-A1B3-6C1A49C8A821}.Debug|Any CPU.ActiveCfg = Debug|Any CPU
		{03413B64-5637-480E-A1B3-6C1A49C8A821}.Debug|Any CPU.Build.0 = Debug|Any CPU
		{03413B64-5637-480E-A1B3-6C1A49C8A821}.Release|Any CPU.ActiveCfg = Release|Any CPU
		{03413B64-5637-480E-A1B3-6C1A49C8A821}.Release|Any CPU.Build.0 = Release|Any CPU
	EndGlobalSection
	GlobalSection(NestedProjects) = preSolution
		{29E1549C-3145-47A6-87DB-B6CDCBAA06E1} = {4FA295A9-E47B-4875-8C95-D0A96BD5B493}
		{1806B1FD-97B1-4C77-BD97-3FD77C263447} = {7096B832-61D9-4789-A356-9C29753BED82}
		{5BEA3022-6BE6-4E00-91CF-993581719AE4} = {7096B832-61D9-4789-A356-9C29753BED82}
		{03413B64-5637-480E-A1B3-6C1A49C8A821} = {7096B832-61D9-4789-A356-9C29753BED82}
	EndGlobalSection
EndGlobal
