
Microsoft Visual Studio Solution File, Format Version 12.00
# Visual Studio 2012
Project("{FAE04EC0-301F-11D3-BF4B-00C04F79EFBC}") = "CatAndDogTest", "CatAndDogTest\CatAndDogTest.csproj", "{2C50F80B-1697-407C-96CA-BEAD1508ABBE}"
EndProject
Global
	GlobalSection(SolutionConfigurationPlatforms) = preSolution
		Debug|iPhoneSimulator = Debug|iPhoneSimulator
		Release|iPhone = Release|iPhone
		Release|iPhoneSimulator = Release|iPhoneSimulator
		Debug|iPhone = Debug|iPhone
		Debug|Any CPU = Debug|Any CPU
		Release|Any CPU = Release|Any CPU
	EndGlobalSection
	GlobalSection(ProjectConfigurationPlatforms) = postSolution
		{2C50F80B-1697-407C-96CA-BEAD1508ABBE}.Debug|iPhoneSimulator.ActiveCfg = Debug|Any CPU
		{2C50F80B-1697-407C-96CA-BEAD1508ABBE}.Debug|iPhoneSimulator.Build.0 = Debug|Any CPU
		{2C50F80B-1697-407C-96CA-BEAD1508ABBE}.Release|iPhone.ActiveCfg = Release|Any CPU
		{2C50F80B-1697-407C-96CA-BEAD1508ABBE}.Release|iPhone.Build.0 = Release|Any CPU
		{2C50F80B-1697-407C-96CA-BEAD1508ABBE}.Release|iPhoneSimulator.ActiveCfg = Release|Any CPU
		{2C50F80B-1697-407C-96CA-BEAD1508ABBE}.Release|iPhoneSimulator.Build.0 = Release|Any CPU
		{2C50F80B-1697-407C-96CA-BEAD1508ABBE}.Debug|iPhone.ActiveCfg = Debug|Any CPU
		{2C50F80B-1697-407C-96CA-BEAD1508ABBE}.Debug|iPhone.Build.0 = Debug|Any CPU
		{2C50F80B-1697-407C-96CA-BEAD1508ABBE}.Debug|Any CPU.ActiveCfg = Debug|Any CPU
		{2C50F80B-1697-407C-96CA-BEAD1508ABBE}.Debug|Any CPU.Build.0 = Debug|Any CPU
		{2C50F80B-1697-407C-96CA-BEAD1508ABBE}.Release|Any CPU.ActiveCfg = Release|Any CPU
		{2C50F80B-1697-407C-96CA-BEAD1508ABBE}.Release|Any CPU.Build.0 = Release|Any CPU
	EndGlobalSection
	GlobalSection(NestedProjects) = preSolution
	EndGlobalSection
EndGlobal
